
Microsoft Visual Studio Solution File, Format Version 12.00
# Visual Studio Version 17
VisualStudioVersion = 17.4.33213.308
MinimumVisualStudioVersion = 10.0.40219.1
Project("{FAE04EC0-301F-11D3-BF4B-00C04F79EFBC}") = "Lab5DBVersion3", "Lab5DBVersion3\Lab5DBVersion3.csproj", "{A52C6B29-737A-4277-912B-3BB06DDD0352}"
EndProject
Global
	GlobalSection(SolutionConfigurationPlatforms) = preSolution
		Debug|Any CPU = Debug|Any CPU
		Release|Any CPU = Release|Any CPU
	EndGlobalSection
	GlobalSection(ProjectConfigurationPlatforms) = postSolution
		{A52C6B29-737A-4277-912B-3BB06DDD0352}.Debug|Any CPU.ActiveCfg = Debug|Any CPU
		{A52C6B29-737A-4277-912B-3BB06DDD0352}.Debug|Any CPU.Build.0 = Debug|Any CPU
		{A52C6B29-737A-4277-912B-3BB06DDD0352}.Release|Any CPU.ActiveCfg = Release|Any CPU
		{A52C6B29-737A-4277-912B-3BB06DDD0352}.Release|Any CPU.Build.0 = Release|Any CPU
	EndGlobalSection
	GlobalSection(SolutionProperties) = preSolution
		HideSolutionNode = FALSE
	EndGlobalSection
	GlobalSection(ExtensibilityGlobals) = postSolution
		SolutionGuid = {E3928F13-B022-4050-9D69-460880EE29FC}
	EndGlobalSection
EndGlobal
